
Microsoft Visual Studio Solution File, Format Version 12.00
# Visual Studio Version 17
VisualStudioVersion = 17.7.34024.191
MinimumVisualStudioVersion = 10.0.40219.1
Project("{FAE04EC0-301F-11D3-BF4B-00C04F79EFBC}") = "Screenshot Task", "Screenshot Task\Screenshot Task.csproj", "{4F484593-C0A1-4D12-B220-4CD5ABFF55AA}"
EndProject
Global
	GlobalSection(SolutionConfigurationPlatforms) = preSolution
		Debug|Any CPU = Debug|Any CPU
		Release|Any CPU = Release|Any CPU
	EndGlobalSection
	GlobalSection(ProjectConfigurationPlatforms) = postSolution
		{4F484593-C0A1-4D12-B220-4CD5ABFF55AA}.Debug|Any CPU.ActiveCfg = Debug|Any CPU
		{4F484593-C0A1-4D12-B220-4CD5ABFF55AA}.Debug|Any CPU.Build.0 = Debug|Any CPU
		{4F484593-C0A1-4D12-B220-4CD5ABFF55AA}.Release|Any CPU.ActiveCfg = Release|Any CPU
		{4F484593-C0A1-4D12-B220-4CD5ABFF55AA}.Release|Any CPU.Build.0 = Release|Any CPU
	EndGlobalSection
	GlobalSection(SolutionProperties) = preSolution
		HideSolutionNode = FALSE
	EndGlobalSection
	GlobalSection(ExtensibilityGlobals) = postSolution
		SolutionGuid = {52D4E3F9-37D8-4018-AE87-61554E27659A}
	EndGlobalSection
EndGlobal
